// !$*UTF8*$!
{
	archiveVersion = 1;
	classes = {
	};
	objectVersion = 50;
	objects = {

/* Begin PBXBuildFile section */
		F0CCAA882662884000A42F78 /* HangmanApp.swift in Sources */ = {isa = PBXBuildFile; fileRef = F0CCAA872662884000A42F78 /* HangmanApp.swift */; };
		F0CCAA8A2662884000A42F78 /* ContentView.swift in Sources */ = {isa = PBXBuildFile; fileRef = F0CCAA892662884000A42F78 /* ContentView.swift */; };
		F0CCAA8C2662884C00A42F78 /* Assets.xcassets in Resources */ = {isa = PBXBuildFile; fileRef = F0CCAA8B2662884C00A42F78 /* Assets.xcassets */; };
		F0CCAA8F2662884C00A42F78 /* Preview Assets.xcassets in Resources */ = {isa = PBXBuildFile; fileRef = F0CCAA8E2662884C00A42F78 /* Preview Assets.xcassets */; };
		F0CCAA97266288AA00A42F78 /* keyboard.swift in Sources */ = {isa = PBXBuildFile; fileRef = F0CCAA96266288AA00A42F78 /* keyboard.swift */; };
		F0CCAA99266288B200A42F78 /* hmengine.swift in Sources */ = {isa = PBXBuildFile; fileRef = F0CCAA98266288B200A42F78 /* hmengine.swift */; };
		F0CCAA9B2663283E00A42F78 /* guessSpaces.swift in Sources */ = {isa = PBXBuildFile; fileRef = F0CCAA9A2663283E00A42F78 /* guessSpaces.swift */; };
		F0CCAA9D2663536600A42F78 /* animatedCheckmark.swift in Sources */ = {isa = PBXBuildFile; fileRef = F0CCAA9C2663536600A42F78 /* animatedCheckmark.swift */; };
		F0CCAA9F2663556F00A42F78 /* animatedXmark.swift in Sources */ = {isa = PBXBuildFile; fileRef = F0CCAA9E2663556F00A42F78 /* animatedXmark.swift */; };
/* End PBXBuildFile section */

/* Begin PBXFileReference section */
		F0CCAA842662884000A42F78 /* Hangman.app */ = {isa = PBXFileReference; explicitFileType = wrapper.application; includeInIndex = 0; path = Hangman.app; sourceTree = BUILT_PRODUCTS_DIR; };
		F0CCAA872662884000A42F78 /* HangmanApp.swift */ = {isa = PBXFileReference; lastKnownFileType = sourcecode.swift; path = HangmanApp.swift; sourceTree = "<group>"; };
		F0CCAA892662884000A42F78 /* ContentView.swift */ = {isa = PBXFileReference; lastKnownFileType = sourcecode.swift; path = ContentView.swift; sourceTree = "<group>"; };
		F0CCAA8B2662884C00A42F78 /* Assets.xcassets */ = {isa = PBXFileReference; lastKnownFileType = folder.assetcatalog; path = Assets.xcassets; sourceTree = "<group>"; };
		F0CCAA8E2662884C00A42F78 /* Preview Assets.xcassets */ = {isa = PBXFileReference; lastKnownFileType = folder.assetcatalog; path = "Preview Assets.xcassets"; sourceTree = "<group>"; };
		F0CCAA902662884C00A42F78 /* Info.plist */ = {isa = PBXFileReference; lastKnownFileType = text.plist.xml; path = Info.plist; sourceTree = "<group>"; };
		F0CCAA96266288AA00A42F78 /* keyboard.swift */ = {isa = PBXFileReference; lastKnownFileType = sourcecode.swift; path = keyboard.swift; sourceTree = "<group>"; };
		F0CCAA98266288B200A42F78 /* hmengine.swift */ = {isa = PBXFileReference; lastKnownFileType = sourcecode.swift; path = hmengine.swift; sourceTree = "<group>"; };
		F0CCAA9A2663283E00A42F78 /* guessSpaces.swift */ = {isa = PBXFileReference; lastKnownFileType = sourcecode.swift; path = guessSpaces.swift; sourceTree = "<group>"; };
		F0CCAA9C2663536600A42F78 /* animatedCheckmark.swift */ = {isa = PBXFileReference; lastKnownFileType = sourcecode.swift; path = animatedCheckmark.swift; sourceTree = "<group>"; };
		F0CCAA9E2663556F00A42F78 /* animatedXmark.swift */ = {isa = PBXFileReference; lastKnownFileType = sourcecode.swift; path = animatedXmark.swift; sourceTree = "<group>"; };
/* End PBXFileReference section */

/* Begin PBXFrameworksBuildPhase section */
		F0CCAA812662884000A42F78 /* Frameworks */ = {
			isa = PBXFrameworksBuildPhase;
			buildActionMask = 2147483647;
			files = (
			);
			runOnlyForDeploymentPostprocessing = 0;
		};
/* End PBXFrameworksBuildPhase section */

/* Begin PBXGroup section */
		F0CCAA7B2662884000A42F78 = {
			isa = PBXGroup;
			children = (
				F0CCAA862662884000A42F78 /* Hangman */,
				F0CCAA852662884000A42F78 /* Products */,
			);
			sourceTree = "<group>";
		};
		F0CCAA852662884000A42F78 /* Products */ = {
			isa = PBXGroup;
			children = (
				F0CCAA842662884000A42F78 /* Hangman.app */,
			);
			name = Products;
			sourceTree = "<group>";
		};
		F0CCAA862662884000A42F78 /* Hangman */ = {
			isa = PBXGroup;
			children = (
				F0CCAA872662884000A42F78 /* HangmanApp.swift */,
				F0CCAA892662884000A42F78 /* ContentView.swift */,
				F0CCAA9A2663283E00A42F78 /* guessSpaces.swift */,
				F0CCAA96266288AA00A42F78 /* keyboard.swift */,
				F0CCAA9C2663536600A42F78 /* animatedCheckmark.swift */,
				F0CCAA9E2663556F00A42F78 /* animatedXmark.swift */,
				F0CCAA98266288B200A42F78 /* hmengine.swift */,
				F0CCAA8B2662884C00A42F78 /* Assets.xcassets */,
				F0CCAA902662884C00A42F78 /* Info.plist */,
				F0CCAA8D2662884C00A42F78 /* Preview Content */,
			);
			path = Hangman;
			sourceTree = "<group>";
		};
		F0CCAA8D2662884C00A42F78 /* Preview Content */ = {
			isa = PBXGroup;
			children = (
				F0CCAA8E2662884C00A42F78 /* Preview Assets.xcassets */,
			);
			path = "Preview Content";
			sourceTree = "<group>";
		};
/* End PBXGroup section */

/* Begin PBXNativeTarget section */
		F0CCAA832662884000A42F78 /* Hangman */ = {
			isa = PBXNativeTarget;
			buildConfigurationList = F0CCAA932662884C00A42F78 /* Build configuration list for PBXNativeTarget "Hangman" */;
			buildPhases = (
				F0CCAA802662884000A42F78 /* Sources */,
				F0CCAA812662884000A42F78 /* Frameworks */,
				F0CCAA822662884000A42F78 /* Resources */,
			);
			buildRules = (
			);
			dependencies = (
			);
			name = Hangman;
			productName = Hangman;
			productReference = F0CCAA842662884000A42F78 /* Hangman.app */;
			productType = "com.apple.product-type.application";
		};
/* End PBXNativeTarget section */

/* Begin PBXProject section */
		F0CCAA7C2662884000A42F78 /* Project object */ = {
			isa = PBXProject;
			attributes = {
				LastSwiftUpdateCheck = 1250;
				LastUpgradeCheck = 1250;
				TargetAttributes = {
					F0CCAA832662884000A42F78 = {
						CreatedOnToolsVersion = 12.5;
					};
				};
			};
			buildConfigurationList = F0CCAA7F2662884000A42F78 /* Build configuration list for PBXProject "Hangman" */;
			compatibilityVersion = "Xcode 9.3";
			developmentRegion = en;
			hasScannedForEncodings = 0;
			knownRegions = (
				en,
				Base,
			);
			mainGroup = F0CCAA7B2662884000A42F78;
			productRefGroup = F0CCAA852662884000A42F78 /* Products */;
			projectDirPath = "";
			projectRoot = "";
			targets = (
				F0CCAA832662884000A42F78 /* Hangman */,
			);
		};
/* End PBXProject section */

/* Begin PBXResourcesBuildPhase section */
		F0CCAA822662884000A42F78 /* Resources */ = {
			isa = PBXResourcesBuildPhase;
			buildActionMask = 2147483647;
			files = (
				F0CCAA8F2662884C00A42F78 /* Preview Assets.xcassets in Resources */,
				F0CCAA8C2662884C00A42F78 /* Assets.xcassets in Resources */,
			);
			runOnlyForDeploymentPostprocessing = 0;
		};
/* End PBXResourcesBuildPhase section */

/* Begin PBXSourcesBuildPhase section */
		F0CCAA802662884000A42F78 /* Sources */ = {
			isa = PBXSourcesBuildPhase;
			buildActionMask = 2147483647;
			files = (
				F0CCAA9D2663536600A42F78 /* animatedCheckmark.swift in Sources */,
				F0CCAA9F2663556F00A42F78 /* animatedXmark.swift in Sources */,
				F0CCAA99266288B200A42F78 /* hmengine.swift in Sources */,
				F0CCAA97266288AA00A42F78 /* keyboard.swift in Sources */,
				F0CCAA8A2662884000A42F78 /* ContentView.swift in Sources */,
				F0CCAA9B2663283E00A42F78 /* guessSpaces.swift in Sources */,
				F0CCAA882662884000A42F78 /* HangmanApp.swift in Sources */,
			);
			runOnlyForDeploymentPostprocessing = 0;
		};
/* End PBXSourcesBuildPhase section */

/* Begin XCBuildConfiguration section */
		F0CCAA912662884C00A42F78 /* Debug */ = {
			isa = XCBuildConfiguration;
			buildSettings = {
				ALWAYS_SEARCH_USER_PATHS = NO;
				CLANG_ANALYZER_NONNULL = YES;
				CLANG_ANALYZER_NUMBER_OBJECT_CONVERSION = YES_AGGRESSIVE;
				CLANG_CXX_LANGUAGE_STANDARD = "gnu++14";
				CLANG_CXX_LIBRARY = "libc++";
				CLANG_ENABLE_MODULES = YES;
				CLANG_ENABLE_OBJC_ARC = YES;
				CLANG_ENABLE_OBJC_WEAK = YES;
				CLANG_WARN_BLOCK_CAPTURE_AUTORELEASING = YES;
				CLANG_WARN_BOOL_CONVERSION = YES;
				CLANG_WARN_COMMA = YES;
				CLANG_WARN_CONSTANT_CONVERSION = YES;
				CLANG_WARN_DEPRECATED_OBJC_IMPLEMENTATIONS = YES;
				CLANG_WARN_DIRECT_OBJC_ISA_USAGE = YES_ERROR;
				CLANG_WARN_DOCUMENTATION_COMMENTS = YES;
				CLANG_WARN_EMPTY_BODY = YES;
				CLANG_WARN_ENUM_CONVERSION = YES;
				CLANG_WARN_INFINITE_RECURSION = YES;
				CLANG_WARN_INT_CONVERSION = YES;
				CLANG_WARN_NON_LITERAL_NULL_CONVERSION = YES;
				CLANG_WARN_OBJC_IMPLICIT_RETAIN_SELF = YES;
				CLANG_WARN_OBJC_LITERAL_CONVERSION = YES;
				CLANG_WARN_OBJC_ROOT_CLASS = YES_ERROR;
				CLANG_WARN_QUOTED_INCLUDE_IN_FRAMEWORK_HEADER = YES;
				CLANG_WARN_RANGE_LOOP_ANALYSIS = YES;
				CLANG_WARN_STRICT_PROTOTYPES = YES;
				CLANG_WARN_SUSPICIOUS_MOVE = YES;
				CLANG_WARN_UNGUARDED_AVAILABILITY = YES_AGGRESSIVE;
				CLANG_WARN_UNREACHABLE_CODE = YES;
				CLANG_WARN__DUPLICATE_METHOD_MATCH = YES;
				COPY_PHASE_STRIP = NO;
				DEBUG_INFORMATION_FORMAT = dwarf;
				ENABLE_STRICT_OBJC_MSGSEND = YES;
				ENABLE_TESTABILITY = YES;
				GCC_C_LANGUAGE_STANDARD = gnu11;
				GCC_DYNAMIC_NO_PIC = NO;
				GCC_NO_COMMON_BLOCKS = YES;
				GCC_OPTIMIZATION_LEVEL = 0;
				GCC_PREPROCESSOR_DEFINITIONS = (
					"DEBUG=1",
					"$(inherited)",
				);
				GCC_WARN_64_TO_32_BIT_CONVERSION = YES;
				GCC_WARN_ABOUT_RETURN_TYPE = YES_ERROR;
				GCC_WARN_UNDECLARED_SELECTOR = YES;
				GCC_WARN_UNINITIALIZED_AUTOS = YES_AGGRESSIVE;
				GCC_WARN_UNUSED_FUNCTION = YES;
				GCC_WARN_UNUSED_VARIABLE = YES;
				IPHONEOS_DEPLOYMENT_TARGET = 14.5;
				MTL_ENABLE_DEBUG_INFO = INCLUDE_SOURCE;
				MTL_FAST_MATH = YES;
				ONLY_ACTIVE_ARCH = YES;
				SDKROOT = iphoneos;
				SWIFT_ACTIVE_COMPILATION_CONDITIONS = DEBUG;
				SWIFT_OPTIMIZATION_LEVEL = "-Onone";
			};
			name = Debug;
		};
		F0CCAA922662884C00A42F78 /* Release */ = {
			isa = XCBuildConfiguration;
			buildSettings = {
				ALWAYS_SEARCH_USER_PATHS = NO;
				CLANG_ANALYZER_NONNULL = YES;
				CLANG_ANALYZER_NUMBER_OBJECT_CONVERSION = YES_AGGRESSIVE;
				CLANG_CXX_LANGUAGE_STANDARD = "gnu++14";
				CLANG_CXX_LIBRARY = "libc++";
				CLANG_ENABLE_MODULES = YES;
				CLANG_ENABLE_OBJC_ARC = YES;
				CLANG_ENABLE_OBJC_WEAK = YES;
				CLANG_WARN_BLOCK_CAPTURE_AUTORELEASING = YES;
				CLANG_WARN_BOOL_CONVERSION = YES;
				CLANG_WARN_COMMA = YES;
				CLANG_WARN_CONSTANT_CONVERSION = YES;
				CLANG_WARN_DEPRECATED_OBJC_IMPLEMENTATIONS = YES;
				CLANG_WARN_DIRECT_OBJC_ISA_USAGE = YES_ERROR;
				CLANG_WARN_DOCUMENTATION_COMMENTS = YES;
				CLANG_WARN_EMPTY_BODY = YES;
				CLANG_WARN_ENUM_CONVERSION = YES;
				CLANG_WARN_INFINITE_RECURSION = YES;
				CLANG_WARN_INT_CONVERSION = YES;
				CLANG_WARN_NON_LITERAL_NULL_CONVERSION = YES;
				CLANG_WARN_OBJC_IMPLICIT_RETAIN_SELF = YES;
				CLANG_WARN_OBJC_LITERAL_CONVERSION = YES;
				CLANG_WARN_OBJC_ROOT_CLASS = YES_ERROR;
				CLANG_WARN_QUOTED_INCLUDE_IN_FRAMEWORK_HEADER = YES;
				CLANG_WARN_RANGE_LOOP_ANALYSIS = YES;
				CLANG_WARN_STRICT_PROTOTYPES = YES;
				CLANG_WARN_SUSPICIOUS_MOVE = YES;
				CLANG_WARN_UNGUARDED_AVAILABILITY = YES_AGGRESSIVE;
				CLANG_WARN_UNREACHABLE_CODE = YES;
				CLANG_WARN__DUPLICATE_METHOD_MATCH = YES;
				COPY_PHASE_STRIP = NO;
				DEBUG_INFORMATION_FORMAT = "dwarf-with-dsym";
				ENABLE_NS_ASSERTIONS = NO;
				ENABLE_STRICT_OBJC_MSGSEND = YES;
				GCC_C_LANGUAGE_STANDARD = gnu11;
				GCC_NO_COMMON_BLOCKS = YES;
				GCC_WARN_64_TO_32_BIT_CONVERSION = YES;
				GCC_WARN_ABOUT_RETURN_TYPE = YES_ERROR;
				GCC_WARN_UNDECLARED_SELECTOR = YES;
				GCC_WARN_UNINITIALIZED_AUTOS = YES_AGGRESSIVE;
				GCC_WARN_UNUSED_FUNCTION = YES;
				GCC_WARN_UNUSED_VARIABLE = YES;
				IPHONEOS_DEPLOYMENT_TARGET = 14.5;
				MTL_ENABLE_DEBUG_INFO = NO;
				MTL_FAST_MATH = YES;
				SDKROOT = iphoneos;
				SWIFT_COMPILATION_MODE = wholemodule;
				SWIFT_OPTIMIZATION_LEVEL = "-O";
				VALIDATE_PRODUCT = YES;
			};
			name = Release;
		};
		F0CCAA942662884C00A42F78 /* Debug */ = {
			isa = XCBuildConfiguration;
			buildSettings = {
				ASSETCATALOG_COMPILER_APPICON_NAME = AppIcon;
				ASSETCATALOG_COMPILER_GLOBAL_ACCENT_COLOR_NAME = AccentColor;
				CODE_SIGN_STYLE = Automatic;
				DEVELOPMENT_ASSET_PATHS = "\"Hangman/Preview Content\"";
				DEVELOPMENT_TEAM = 9K2XM38XLK;
				ENABLE_PREVIEWS = YES;
				INFOPLIST_FILE = Hangman/Info.plist;
				IPHONEOS_DEPLOYMENT_TARGET = 14.0;
				LD_RUNPATH_SEARCH_PATHS = (
					"$(inherited)",
					"@executable_path/Frameworks",
				);
				PRODUCT_BUNDLE_IDENTIFIER = com.legitmichel777.Hangman;
				PRODUCT_NAME = "$(TARGET_NAME)";
				SWIFT_VERSION = 5.0;
				TARGETED_DEVICE_FAMILY = "1,2";
			};
			name = Debug;
		};
		F0CCAA952662884C00A42F78 /* Release */ = {
			isa = XCBuildConfiguration;
			buildSettings = {
				ASSETCATALOG_COMPILER_APPICON_NAME = AppIcon;
				ASSETCATALOG_COMPILER_GLOBAL_ACCENT_COLOR_NAME = AccentColor;
				CODE_SIGN_STYLE = Automatic;
				DEVELOPMENT_ASSET_PATHS = "\"Hangman/Preview Content\"";
				DEVELOPMENT_TEAM = 9K2XM38XLK;
				ENABLE_PREVIEWS = YES;
				INFOPLIST_FILE = Hangman/Info.plist;
				IPHONEOS_DEPLOYMENT_TARGET = 14.0;
				LD_RUNPATH_SEARCH_PATHS = (
					"$(inherited)",
					"@executable_path/Frameworks",
				);
				PRODUCT_BUNDLE_IDENTIFIER = com.legitmichel777.Hangman;
				PRODUCT_NAME = "$(TARGET_NAME)";
				SWIFT_VERSION = 5.0;
				TARGETED_DEVICE_FAMILY = "1,2";
			};
			name = Release;
		};
/* End XCBuildConfiguration section */

/* Begin XCConfigurationList section */
		F0CCAA7F2662884000A42F78 /* Build configuration list for PBXProject "Hangman" */ = {
			isa = XCConfigurationList;
			buildConfigurations = (
				F0CCAA912662884C00A42F78 /* Debug */,
				F0CCAA922662884C00A42F78 /* Release */,
			);
			defaultConfigurationIsVisible = 0;
			defaultConfigurationName = Release;
		};
		F0CCAA932662884C00A42F78 /* Build configuration list for PBXNativeTarget "Hangman" */ = {
			isa = XCConfigurationList;
			buildConfigurations = (
				F0CCAA942662884C00A42F78 /* Debug */,
				F0CCAA952662884C00A42F78 /* Release */,
			);
			defaultConfigurationIsVisible = 0;
			defaultConfigurationName = Release;
		};
/* End XCConfigurationList section */
	};
	rootObject = F0CCAA7C2662884000A42F78 /* Project object */;
}
